
Microsoft Visual Studio Solution File, Format Version 12.00
# Visual Studio 14
VisualStudioVersion = 14.0.24720.0
MinimumVisualStudioVersion = 10.0.40219.1
Project("{FAE04EC0-301F-11D3-BF4B-00C04F79EFBC}") = "SZLogistics", "SZLogistics\SZLogistics.csproj", "{C55848DC-BB3F-4707-91FD-01DF888A703C}"
EndProject
Project("{FAE04EC0-301F-11D3-BF4B-00C04F79EFBC}") = "SZLogistics.Tests", "SZLogistics.Tests\SZLogistics.Tests.csproj", "{665394C5-A6CD-4D06-ABE3-49F494AABA81}"
EndProject
Project("{FAE04EC0-301F-11D3-BF4B-00C04F79EFBC}") = "SZLogisiticsDTO", "SZLogisiticsDTO\SZLogisiticsDTO.csproj", "{DCA4F6E2-05EB-478C-99DC-6B7337C1E179}"
EndProject
Project("{FAE04EC0-301F-11D3-BF4B-00C04F79EFBC}") = "SZLogisiticsBLL", "SZLogisiticsBLL\SZLogisiticsBLL.csproj", "{119D0626-838D-445A-8A3F-0E700E1A6181}"
EndProject
Project("{FAE04EC0-301F-11D3-BF4B-00C04F79EFBC}") = "SZLogistics_Common", "SZLogistics_Common\SZLogistics_Common.csproj", "{5A3F3C02-1FD2-44A1-8A5B-388D4B46F8F3}"
EndProject
Global
	GlobalSection(SolutionConfigurationPlatforms) = preSolution
		Debug|Any CPU = Debug|Any CPU
		Release|Any CPU = Release|Any CPU
	EndGlobalSection
	GlobalSection(ProjectConfigurationPlatforms) = postSolution
		{C55848DC-BB3F-4707-91FD-01DF888A703C}.Debug|Any CPU.ActiveCfg = Debug|Any CPU
		{C55848DC-BB3F-4707-91FD-01DF888A703C}.Debug|Any CPU.Build.0 = Debug|Any CPU
		{C55848DC-BB3F-4707-91FD-01DF888A703C}.Release|Any CPU.ActiveCfg = Release|Any CPU
		{C55848DC-BB3F-4707-91FD-01DF888A703C}.Release|Any CPU.Build.0 = Release|Any CPU
		{665394C5-A6CD-4D06-ABE3-49F494AABA81}.Debug|Any CPU.ActiveCfg = Debug|Any CPU
		{665394C5-A6CD-4D06-ABE3-49F494AABA81}.Debug|Any CPU.Build.0 = Debug|Any CPU
		{665394C5-A6CD-4D06-ABE3-49F494AABA81}.Release|Any CPU.ActiveCfg = Release|Any CPU
		{665394C5-A6CD-4D06-ABE3-49F494AABA81}.Release|Any CPU.Build.0 = Release|Any CPU
		{DCA4F6E2-05EB-478C-99DC-6B7337C1E179}.Debug|Any CPU.ActiveCfg = Debug|Any CPU
		{DCA4F6E2-05EB-478C-99DC-6B7337C1E179}.Debug|Any CPU.Build.0 = Debug|Any CPU
		{DCA4F6E2-05EB-478C-99DC-6B7337C1E179}.Release|Any CPU.ActiveCfg = Release|Any CPU
		{DCA4F6E2-05EB-478C-99DC-6B7337C1E179}.Release|Any CPU.Build.0 = Release|Any CPU
		{119D0626-838D-445A-8A3F-0E700E1A6181}.Debug|Any CPU.ActiveCfg = Debug|Any CPU
		{119D0626-838D-445A-8A3F-0E700E1A6181}.Debug|Any CPU.Build.0 = Debug|Any CPU
		{119D0626-838D-445A-8A3F-0E700E1A6181}.Release|Any CPU.ActiveCfg = Release|Any CPU
		{119D0626-838D-445A-8A3F-0E700E1A6181}.Release|Any CPU.Build.0 = Release|Any CPU
		{5A3F3C02-1FD2-44A1-8A5B-388D4B46F8F3}.Debug|Any CPU.ActiveCfg = Debug|Any CPU
		{5A3F3C02-1FD2-44A1-8A5B-388D4B46F8F3}.Debug|Any CPU.Build.0 = Debug|Any CPU
		{5A3F3C02-1FD2-44A1-8A5B-388D4B46F8F3}.Release|Any CPU.ActiveCfg = Release|Any CPU
		{5A3F3C02-1FD2-44A1-8A5B-388D4B46F8F3}.Release|Any CPU.Build.0 = Release|Any CPU
	EndGlobalSection
	GlobalSection(SolutionProperties) = preSolution
		HideSolutionNode = FALSE
	EndGlobalSection
EndGlobal
