
Microsoft Visual Studio Solution File, Format Version 12.00
# Visual Studio 14
VisualStudioVersion = 14.0.24720.0
MinimumVisualStudioVersion = 10.0.40219.1
Project("{FAE04EC0-301F-11D3-BF4B-00C04F79EFBC}") = "SZLogistics", "SZLogistics\SZLogistics.csproj", "{C55848DC-BB3F-4707-91FD-01DF888A703C}"
EndProject
Project("{FAE04EC0-301F-11D3-BF4B-00C04F79EFBC}") = "SZLogistics.Tests", "SZLogistics.Tests\SZLogistics.Tests.csproj", "{665394C5-A6CD-4D06-ABE3-49F494AABA81}"
EndProject
Global
	GlobalSection(SolutionConfigurationPlatforms) = preSolution
		Debug|Any CPU = Debug|Any CPU
		Release|Any CPU = Release|Any CPU
	EndGlobalSection
	GlobalSection(ProjectConfigurationPlatforms) = postSolution
		{C55848DC-BB3F-4707-91FD-01DF888A703C}.Debug|Any CPU.ActiveCfg = Debug|Any CPU
		{C55848DC-BB3F-4707-91FD-01DF888A703C}.Debug|Any CPU.Build.0 = Debug|Any CPU
		{C55848DC-BB3F-4707-91FD-01DF888A703C}.Release|Any CPU.ActiveCfg = Release|Any CPU
		{C55848DC-BB3F-4707-91FD-01DF888A703C}.Release|Any CPU.Build.0 = Release|Any CPU
		{665394C5-A6CD-4D06-ABE3-49F494AABA81}.Debug|Any CPU.ActiveCfg = Debug|Any CPU
		{665394C5-A6CD-4D06-ABE3-49F494AABA81}.Debug|Any CPU.Build.0 = Debug|Any CPU
		{665394C5-A6CD-4D06-ABE3-49F494AABA81}.Release|Any CPU.ActiveCfg = Release|Any CPU
		{665394C5-A6CD-4D06-ABE3-49F494AABA81}.Release|Any CPU.Build.0 = Release|Any CPU
	EndGlobalSection
	GlobalSection(SolutionProperties) = preSolution
		HideSolutionNode = FALSE
	EndGlobalSection
EndGlobal
